
Microsoft Visual Studio Solution File, Format Version 12.00
# Visual Studio Version 17
VisualStudioVersion = 17.7.34024.191
MinimumVisualStudioVersion = 10.0.40219.1
Project("{FAE04EC0-301F-11D3-BF4B-00C04F79EFBC}") = "WebApplicationPessoa", "WebApplicationPessoa\WebApplicationPessoa.csproj", "{D953B2CF-FA27-4B4B-A258-2FEE121AA4DB}"
EndProject
Global
	GlobalSection(SolutionConfigurationPlatforms) = preSolution
		Debug|Any CPU = Debug|Any CPU
		Release|Any CPU = Release|Any CPU
	EndGlobalSection
	GlobalSection(ProjectConfigurationPlatforms) = postSolution
		{D953B2CF-FA27-4B4B-A258-2FEE121AA4DB}.Debug|Any CPU.ActiveCfg = Debug|Any CPU
		{D953B2CF-FA27-4B4B-A258-2FEE121AA4DB}.Debug|Any CPU.Build.0 = Debug|Any CPU
		{D953B2CF-FA27-4B4B-A258-2FEE121AA4DB}.Release|Any CPU.ActiveCfg = Release|Any CPU
		{D953B2CF-FA27-4B4B-A258-2FEE121AA4DB}.Release|Any CPU.Build.0 = Release|Any CPU
	EndGlobalSection
	GlobalSection(SolutionProperties) = preSolution
		HideSolutionNode = FALSE
	EndGlobalSection
	GlobalSection(ExtensibilityGlobals) = postSolution
		SolutionGuid = {6051441B-A98F-479A-8C77-651A1F6DA49B}
	EndGlobalSection
EndGlobal
